
Microsoft Visual Studio Solution File, Format Version 12.00
# Visual Studio 15
VisualStudioVersion = 15.0.28307.421
MinimumVisualStudioVersion = 10.0.40219.1
Project("{FAE04EC0-301F-11D3-BF4B-00C04F79EFBC}") = "app.Android", "app\app.Android\app.Android.csproj", "{29A46989-F08C-493D-80C4-8B417DC97D2E}"
EndProject
Project("{FAE04EC0-301F-11D3-BF4B-00C04F79EFBC}") = "app.iOS", "app\app.iOS\app.iOS.csproj", "{B91487B4-1B05-45A2-B6B7-35198087C800}"
EndProject
Project("{FAE04EC0-301F-11D3-BF4B-00C04F79EFBC}") = "app", "app\app\app.csproj", "{D4E9C8E1-92CC-49C9-B266-8506E3678657}"
EndProject
Global
	GlobalSection(SolutionConfigurationPlatforms) = preSolution
		Ad-Hoc|Any CPU = Ad-Hoc|Any CPU
		Ad-Hoc|ARM = Ad-Hoc|ARM
		Ad-Hoc|iPhone = Ad-Hoc|iPhone
		Ad-Hoc|iPhoneSimulator = Ad-Hoc|iPhoneSimulator
		Ad-Hoc|x64 = Ad-Hoc|x64
		Ad-Hoc|x86 = Ad-Hoc|x86
		AppStore|Any CPU = AppStore|Any CPU
		AppStore|ARM = AppStore|ARM
		AppStore|iPhone = AppStore|iPhone
		AppStore|iPhoneSimulator = AppStore|iPhoneSimulator
		AppStore|x64 = AppStore|x64
		AppStore|x86 = AppStore|x86
		Debug|Any CPU = Debug|Any CPU
		Debug|ARM = Debug|ARM
		Debug|iPhone = Debug|iPhone
		Debug|iPhoneSimulator = Debug|iPhoneSimulator
		Debug|x64 = Debug|x64
		Debug|x86 = Debug|x86
		Release|Any CPU = Release|Any CPU
		Release|ARM = Release|ARM
		Release|iPhone = Release|iPhone
		Release|iPhoneSimulator = Release|iPhoneSimulator
		Release|x64 = Release|x64
		Release|x86 = Release|x86
	EndGlobalSection
	GlobalSection(ProjectConfigurationPlatforms) = postSolution
		{29A46989-F08C-493D-80C4-8B417DC97D2E}.Ad-Hoc|Any CPU.ActiveCfg = Release|Any CPU
		{29A46989-F08C-493D-80C4-8B417DC97D2E}.Ad-Hoc|Any CPU.Build.0 = Release|Any CPU
		{29A46989-F08C-493D-80C4-8B417DC97D2E}.Ad-Hoc|Any CPU.Deploy.0 = Release|Any CPU
		{29A46989-F08C-493D-80C4-8B417DC97D2E}.Ad-Hoc|ARM.ActiveCfg = Release|Any CPU
		{29A46989-F08C-493D-80C4-8B417DC97D2E}.Ad-Hoc|ARM.Build.0 = Release|Any CPU
		{29A46989-F08C-493D-80C4-8B417DC97D2E}.Ad-Hoc|ARM.Deploy.0 = Release|Any CPU
		{29A46989-F08C-493D-80C4-8B417DC97D2E}.Ad-Hoc|iPhone.ActiveCfg = Release|Any CPU
		{29A46989-F08C-493D-80C4-8B417DC97D2E}.Ad-Hoc|iPhone.Build.0 = Release|Any CPU
		{29A46989-F08C-493D-80C4-8B417DC97D2E}.Ad-Hoc|iPhone.Deploy.0 = Release|Any CPU
		{29A46989-F08C-493D-80C4-8B417DC97D2E}.Ad-Hoc|iPhoneSimulator.ActiveCfg = Release|Any CPU
		{29A46989-F08C-493D-80C4-8B417DC97D2E}.Ad-Hoc|iPhoneSimulator.Build.0 = Release|Any CPU
		{29A46989-F08C-493D-80C4-8B417DC97D2E}.Ad-Hoc|iPhoneSimulator.Deploy.0 = Release|Any CPU
		{29A46989-F08C-493D-80C4-8B417DC97D2E}.Ad-Hoc|x64.ActiveCfg = Release|Any CPU
		{29A46989-F08C-493D-80C4-8B417DC97D2E}.Ad-Hoc|x64.Build.0 = Release|Any CPU
		{29A46989-F08C-493D-80C4-8B417DC97D2E}.Ad-Hoc|x64.Deploy.0 = Release|Any CPU
		{29A46989-F08C-493D-80C4-8B417DC97D2E}.Ad-Hoc|x86.ActiveCfg = Release|Any CPU
		{29A46989-F08C-493D-80C4-8B417DC97D2E}.Ad-Hoc|x86.Build.0 = Release|Any CPU
		{29A46989-F08C-493D-80C4-8B417DC97D2E}.Ad-Hoc|x86.Deploy.0 = Release|Any CPU
		{29A46989-F08C-493D-80C4-8B417DC97D2E}.AppStore|Any CPU.ActiveCfg = Release|Any CPU
		{29A46989-F08C-493D-80C4-8B417DC97D2E}.AppStore|Any CPU.Build.0 = Release|Any CPU
		{29A46989-F08C-493D-80C4-8B417DC97D2E}.AppStore|Any CPU.Deploy.0 = Release|Any CPU
		{29A46989-F08C-493D-80C4-8B417DC97D2E}.AppStore|ARM.ActiveCfg = Release|Any CPU
		{29A46989-F08C-493D-80C4-8B417DC97D2E}.AppStore|ARM.Build.0 = Release|Any CPU
		{29A46989-F08C-493D-80C4-8B417DC97D2E}.AppStore|ARM.Deploy.0 = Release|Any CPU
		{29A46989-F08C-493D-80C4-8B417DC97D2E}.AppStore|iPhone.ActiveCfg = Release|Any CPU
		{29A46989-F08C-493D-80C4-8B417DC97D2E}.AppStore|iPhone.Build.0 = Release|Any CPU
		{29A46989-F08C-493D-80C4-8B417DC97D2E}.AppStore|iPhone.Deploy.0 = Release|Any CPU
		{29A46989-F08C-493D-80C4-8B417DC97D2E}.AppStore|iPhoneSimulator.ActiveCfg = Release|Any CPU
		{29A46989-F08C-493D-80C4-8B417DC97D2E}.AppStore|iPhoneSimulator.Build.0 = Release|Any CPU
		{29A46989-F08C-493D-80C4-8B417DC97D2E}.AppStore|iPhoneSimulator.Deploy.0 = Release|Any CPU
		{29A46989-F08C-493D-80C4-8B417DC97D2E}.AppStore|x64.ActiveCfg = Release|Any CPU
		{29A46989-F08C-493D-80C4-8B417DC97D2E}.AppStore|x64.Build.0 = Release|Any CPU
		{29A46989-F08C-493D-80C4-8B417DC97D2E}.AppStore|x64.Deploy.0 = Release|Any CPU
		{29A46989-F08C-493D-80C4-8B417DC97D2E}.AppStore|x86.ActiveCfg = Release|Any CPU
		{29A46989-F08C-493D-80C4-8B417DC97D2E}.AppStore|x86.Build.0 = Release|Any CPU
		{29A46989-F08C-493D-80C4-8B417DC97D2E}.AppStore|x86.Deploy.0 = Release|Any CPU
		{29A46989-F08C-493D-80C4-8B417DC97D2E}.Debug|Any CPU.ActiveCfg = Debug|Any CPU
		{29A46989-F08C-493D-80C4-8B417DC97D2E}.Debug|Any CPU.Build.0 = Debug|Any CPU
		{29A46989-F08C-493D-80C4-8B417DC97D2E}.Debug|Any CPU.Deploy.0 = Debug|Any CPU
		{29A46989-F08C-493D-80C4-8B417DC97D2E}.Debug|ARM.ActiveCfg = Debug|Any CPU
		{29A46989-F08C-493D-80C4-8B417DC97D2E}.Debug|ARM.Build.0 = Debug|Any CPU
		{29A46989-F08C-493D-80C4-8B417DC97D2E}.Debug|ARM.Deploy.0 = Debug|Any CPU
		{29A46989-F08C-493D-80C4-8B417DC97D2E}.Debug|iPhone.ActiveCfg = Debug|Any CPU
		{29A46989-F08C-493D-80C4-8B417DC97D2E}.Debug|iPhone.Build.0 = Debug|Any CPU
		{29A46989-F08C-493D-80C4-8B417DC97D2E}.Debug|iPhone.Deploy.0 = Debug|Any CPU
		{29A46989-F08C-493D-80C4-8B417DC97D2E}.Debug|iPhoneSimulator.ActiveCfg = Debug|Any CPU
		{29A46989-F08C-493D-80C4-8B417DC97D2E}.Debug|iPhoneSimulator.Build.0 = Debug|Any CPU
		{29A46989-F08C-493D-80C4-8B417DC97D2E}.Debug|iPhoneSimulator.Deploy.0 = Debug|Any CPU
		{29A46989-F08C-493D-80C4-8B417DC97D2E}.Debug|x64.ActiveCfg = Debug|Any CPU
		{29A46989-F08C-493D-80C4-8B417DC97D2E}.Debug|x64.Build.0 = Debug|Any CPU
		{29A46989-F08C-493D-80C4-8B417DC97D2E}.Debug|x64.Deploy.0 = Debug|Any CPU
		{29A46989-F08C-493D-80C4-8B417DC97D2E}.Debug|x86.ActiveCfg = Debug|Any CPU
		{29A46989-F08C-493D-80C4-8B417DC97D2E}.Debug|x86.Build.0 = Debug|Any CPU
		{29A46989-F08C-493D-80C4-8B417DC97D2E}.Debug|x86.Deploy.0 = Debug|Any CPU
		{29A46989-F08C-493D-80C4-8B417DC97D2E}.Release|Any CPU.ActiveCfg = Release|Any CPU
		{29A46989-F08C-493D-80C4-8B417DC97D2E}.Release|Any CPU.Build.0 = Release|Any CPU
		{29A46989-F08C-493D-80C4-8B417DC97D2E}.Release|Any CPU.Deploy.0 = Release|Any CPU
		{29A46989-F08C-493D-80C4-8B417DC97D2E}.Release|ARM.ActiveCfg = Release|Any CPU
		{29A46989-F08C-493D-80C4-8B417DC97D2E}.Release|ARM.Build.0 = Release|Any CPU
		{29A46989-F08C-493D-80C4-8B417DC97D2E}.Release|ARM.Deploy.0 = Release|Any CPU
		{29A46989-F08C-493D-80C4-8B417DC97D2E}.Release|iPhone.ActiveCfg = Release|Any CPU
		{29A46989-F08C-493D-80C4-8B417DC97D2E}.Release|iPhone.Build.0 = Release|Any CPU
		{29A46989-F08C-493D-80C4-8B417DC97D2E}.Release|iPhone.Deploy.0 = Release|Any CPU
		{29A46989-F08C-493D-80C4-8B417DC97D2E}.Release|iPhoneSimulator.ActiveCfg = Release|Any CPU
		{29A46989-F08C-493D-80C4-8B417DC97D2E}.Release|iPhoneSimulator.Build.0 = Release|Any CPU
		{29A46989-F08C-493D-80C4-8B417DC97D2E}.Release|iPhoneSimulator.Deploy.0 = Release|Any CPU
		{29A46989-F08C-493D-80C4-8B417DC97D2E}.Release|x64.ActiveCfg = Release|Any CPU
		{29A46989-F08C-493D-80C4-8B417DC97D2E}.Release|x64.Build.0 = Release|Any CPU
		{29A46989-F08C-493D-80C4-8B417DC97D2E}.Release|x64.Deploy.0 = Release|Any CPU
		{29A46989-F08C-493D-80C4-8B417DC97D2E}.Release|x86.ActiveCfg = Release|Any CPU
		{29A46989-F08C-493D-80C4-8B417DC97D2E}.Release|x86.Build.0 = Release|Any CPU
		{29A46989-F08C-493D-80C4-8B417DC97D2E}.Release|x86.Deploy.0 = Release|Any CPU
		{B91487B4-1B05-45A2-B6B7-35198087C800}.Ad-Hoc|Any CPU.ActiveCfg = Ad-Hoc|iPhone
		{B91487B4-1B05-45A2-B6B7-35198087C800}.Ad-Hoc|Any CPU.Build.0 = Ad-Hoc|iPhone
		{B91487B4-1B05-45A2-B6B7-35198087C800}.Ad-Hoc|Any CPU.Deploy.0 = Ad-Hoc|iPhone
		{B91487B4-1B05-45A2-B6B7-35198087C800}.Ad-Hoc|ARM.ActiveCfg = Ad-Hoc|iPhone
		{B91487B4-1B05-45A2-B6B7-35198087C800}.Ad-Hoc|ARM.Build.0 = Ad-Hoc|iPhone
		{B91487B4-1B05-45A2-B6B7-35198087C800}.Ad-Hoc|ARM.Deploy.0 = Ad-Hoc|iPhone
		{B91487B4-1B05-45A2-B6B7-35198087C800}.Ad-Hoc|iPhone.ActiveCfg = Ad-Hoc|iPhone
		{B91487B4-1B05-45A2-B6B7-35198087C800}.Ad-Hoc|iPhone.Build.0 = Ad-Hoc|iPhone
		{B91487B4-1B05-45A2-B6B7-35198087C800}.Ad-Hoc|iPhone.Deploy.0 = Ad-Hoc|iPhone
		{B91487B4-1B05-45A2-B6B7-35198087C800}.Ad-Hoc|iPhoneSimulator.ActiveCfg = Ad-Hoc|iPhoneSimulator
		{B91487B4-1B05-45A2-B6B7-35198087C800}.Ad-Hoc|iPhoneSimulator.Build.0 = Ad-Hoc|iPhoneSimulator
		{B91487B4-1B05-45A2-B6B7-35198087C800}.Ad-Hoc|iPhoneSimulator.Deploy.0 = Ad-Hoc|iPhoneSimulator
		{B91487B4-1B05-45A2-B6B7-35198087C800}.Ad-Hoc|x64.ActiveCfg = Ad-Hoc|iPhone
		{B91487B4-1B05-45A2-B6B7-35198087C800}.Ad-Hoc|x64.Build.0 = Ad-Hoc|iPhone
		{B91487B4-1B05-45A2-B6B7-35198087C800}.Ad-Hoc|x64.Deploy.0 = Ad-Hoc|iPhone
		{B91487B4-1B05-45A2-B6B7-35198087C800}.Ad-Hoc|x86.ActiveCfg = Ad-Hoc|iPhone
		{B91487B4-1B05-45A2-B6B7-35198087C800}.Ad-Hoc|x86.Build.0 = Ad-Hoc|iPhone
		{B91487B4-1B05-45A2-B6B7-35198087C800}.Ad-Hoc|x86.Deploy.0 = Ad-Hoc|iPhone
		{B91487B4-1B05-45A2-B6B7-35198087C800}.AppStore|Any CPU.ActiveCfg = AppStore|iPhone
		{B91487B4-1B05-45A2-B6B7-35198087C800}.AppStore|Any CPU.Build.0 = AppStore|iPhone
		{B91487B4-1B05-45A2-B6B7-35198087C800}.AppStore|Any CPU.Deploy.0 = AppStore|iPhone
		{B91487B4-1B05-45A2-B6B7-35198087C800}.AppStore|ARM.ActiveCfg = AppStore|iPhone
		{B91487B4-1B05-45A2-B6B7-35198087C800}.AppStore|ARM.Build.0 = AppStore|iPhone
		{B91487B4-1B05-45A2-B6B7-35198087C800}.AppStore|ARM.Deploy.0 = AppStore|iPhone
		{B91487B4-1B05-45A2-B6B7-35198087C800}.AppStore|iPhone.ActiveCfg = AppStore|iPhone
		{B91487B4-1B05-45A2-B6B7-35198087C800}.AppStore|iPhone.Build.0 = AppStore|iPhone
		{B91487B4-1B05-45A2-B6B7-35198087C800}.AppStore|iPhone.Deploy.0 = AppStore|iPhone
		{B91487B4-1B05-45A2-B6B7-35198087C800}.AppStore|iPhoneSimulator.ActiveCfg = AppStore|iPhoneSimulator
		{B91487B4-1B05-45A2-B6B7-35198087C800}.AppStore|iPhoneSimulator.Build.0 = AppStore|iPhoneSimulator
		{B91487B4-1B05-45A2-B6B7-35198087C800}.AppStore|iPhoneSimulator.Deploy.0 = AppStore|iPhoneSimulator
		{B91487B4-1B05-45A2-B6B7-35198087C800}.AppStore|x64.ActiveCfg = AppStore|iPhone
		{B91487B4-1B05-45A2-B6B7-35198087C800}.AppStore|x64.Build.0 = AppStore|iPhone
		{B91487B4-1B05-45A2-B6B7-35198087C800}.AppStore|x64.Deploy.0 = AppStore|iPhone
		{B91487B4-1B05-45A2-B6B7-35198087C800}.AppStore|x86.ActiveCfg = AppStore|iPhone
		{B91487B4-1B05-45A2-B6B7-35198087C800}.AppStore|x86.Build.0 = AppStore|iPhone
		{B91487B4-1B05-45A2-B6B7-35198087C800}.AppStore|x86.Deploy.0 = AppStore|iPhone
		{B91487B4-1B05-45A2-B6B7-35198087C800}.Debug|Any CPU.ActiveCfg = Debug|iPhoneSimulator
		{B91487B4-1B05-45A2-B6B7-35198087C800}.Debug|Any CPU.Build.0 = Debug|iPhoneSimulator
		{B91487B4-1B05-45A2-B6B7-35198087C800}.Debug|Any CPU.Deploy.0 = Debug|iPhoneSimulator
		{B91487B4-1B05-45A2-B6B7-35198087C800}.Debug|ARM.ActiveCfg = Debug|iPhone
		{B91487B4-1B05-45A2-B6B7-35198087C800}.Debug|ARM.Build.0 = Debug|iPhone
		{B91487B4-1B05-45A2-B6B7-35198087C800}.Debug|ARM.Deploy.0 = Debug|iPhone
		{B91487B4-1B05-45A2-B6B7-35198087C800}.Debug|iPhone.ActiveCfg = Debug|iPhone
		{B91487B4-1B05-45A2-B6B7-35198087C800}.Debug|iPhone.Build.0 = Debug|iPhone
		{B91487B4-1B05-45A2-B6B7-35198087C800}.Debug|iPhone.Deploy.0 = Debug|iPhone
		{B91487B4-1B05-45A2-B6B7-35198087C800}.Debug|iPhoneSimulator.ActiveCfg = Debug|iPhoneSimulator
		{B91487B4-1B05-45A2-B6B7-35198087C800}.Debug|iPhoneSimulator.Build.0 = Debug|iPhoneSimulator
		{B91487B4-1B05-45A2-B6B7-35198087C800}.Debug|iPhoneSimulator.Deploy.0 = Debug|iPhoneSimulator
		{B91487B4-1B05-45A2-B6B7-35198087C800}.Debug|x64.ActiveCfg = Debug|iPhone
		{B91487B4-1B05-45A2-B6B7-35198087C800}.Debug|x64.Build.0 = Debug|iPhone
		{B91487B4-1B05-45A2-B6B7-35198087C800}.Debug|x64.Deploy.0 = Debug|iPhone
		{B91487B4-1B05-45A2-B6B7-35198087C800}.Debug|x86.ActiveCfg = Debug|iPhone
		{B91487B4-1B05-45A2-B6B7-35198087C800}.Debug|x86.Build.0 = Debug|iPhone
		{B91487B4-1B05-45A2-B6B7-35198087C800}.Debug|x86.Deploy.0 = Debug|iPhone
		{B91487B4-1B05-45A2-B6B7-35198087C800}.Release|Any CPU.ActiveCfg = Release|iPhone
		{B91487B4-1B05-45A2-B6B7-35198087C800}.Release|Any CPU.Build.0 = Release|iPhone
		{B91487B4-1B05-45A2-B6B7-35198087C800}.Release|Any CPU.Deploy.0 = Release|iPhone
		{B91487B4-1B05-45A2-B6B7-35198087C800}.Release|ARM.ActiveCfg = Release|iPhone
		{B91487B4-1B05-45A2-B6B7-35198087C800}.Release|ARM.Build.0 = Release|iPhone
		{B91487B4-1B05-45A2-B6B7-35198087C800}.Release|ARM.Deploy.0 = Release|iPhone
		{B91487B4-1B05-45A2-B6B7-35198087C800}.Release|iPhone.ActiveCfg = Release|iPhone
		{B91487B4-1B05-45A2-B6B7-35198087C800}.Release|iPhone.Build.0 = Release|iPhone
		{B91487B4-1B05-45A2-B6B7-35198087C800}.Release|iPhone.Deploy.0 = Release|iPhone
		{B91487B4-1B05-45A2-B6B7-35198087C800}.Release|iPhoneSimulator.ActiveCfg = Release|iPhoneSimulator
		{B91487B4-1B05-45A2-B6B7-35198087C800}.Release|iPhoneSimulator.Build.0 = Release|iPhoneSimulator
		{B91487B4-1B05-45A2-B6B7-35198087C800}.Release|iPhoneSimulator.Deploy.0 = Release|iPhoneSimulator
		{B91487B4-1B05-45A2-B6B7-35198087C800}.Release|x64.ActiveCfg = Release|iPhone
		{B91487B4-1B05-45A2-B6B7-35198087C800}.Release|x64.Build.0 = Release|iPhone
		{B91487B4-1B05-45A2-B6B7-35198087C800}.Release|x64.Deploy.0 = Release|iPhone
		{B91487B4-1B05-45A2-B6B7-35198087C800}.Release|x86.ActiveCfg = Release|iPhone
		{B91487B4-1B05-45A2-B6B7-35198087C800}.Release|x86.Build.0 = Release|iPhone
		{B91487B4-1B05-45A2-B6B7-35198087C800}.Release|x86.Deploy.0 = Release|iPhone
		{D4E9C8E1-92CC-49C9-B266-8506E3678657}.Ad-Hoc|Any CPU.ActiveCfg = Debug|Any CPU
		{D4E9C8E1-92CC-49C9-B266-8506E3678657}.Ad-Hoc|Any CPU.Build.0 = Debug|Any CPU
		{D4E9C8E1-92CC-49C9-B266-8506E3678657}.Ad-Hoc|Any CPU.Deploy.0 = Debug|Any CPU
		{D4E9C8E1-92CC-49C9-B266-8506E3678657}.Ad-Hoc|ARM.ActiveCfg = Debug|Any CPU
		{D4E9C8E1-92CC-49C9-B266-8506E3678657}.Ad-Hoc|ARM.Build.0 = Debug|Any CPU
		{D4E9C8E1-92CC-49C9-B266-8506E3678657}.Ad-Hoc|ARM.Deploy.0 = Debug|Any CPU
		{D4E9C8E1-92CC-49C9-B266-8506E3678657}.Ad-Hoc|iPhone.ActiveCfg = Debug|Any CPU
		{D4E9C8E1-92CC-49C9-B266-8506E3678657}.Ad-Hoc|iPhone.Build.0 = Debug|Any CPU
		{D4E9C8E1-92CC-49C9-B266-8506E3678657}.Ad-Hoc|iPhone.Deploy.0 = Debug|Any CPU
		{D4E9C8E1-92CC-49C9-B266-8506E3678657}.Ad-Hoc|iPhoneSimulator.ActiveCfg = Debug|Any CPU
		{D4E9C8E1-92CC-49C9-B266-8506E3678657}.Ad-Hoc|iPhoneSimulator.Build.0 = Debug|Any CPU
		{D4E9C8E1-92CC-49C9-B266-8506E3678657}.Ad-Hoc|iPhoneSimulator.Deploy.0 = Debug|Any CPU
		{D4E9C8E1-92CC-49C9-B266-8506E3678657}.Ad-Hoc|x64.ActiveCfg = Debug|Any CPU
		{D4E9C8E1-92CC-49C9-B266-8506E3678657}.Ad-Hoc|x64.Build.0 = Debug|Any CPU
		{D4E9C8E1-92CC-49C9-B266-8506E3678657}.Ad-Hoc|x64.Deploy.0 = Debug|Any CPU
		{D4E9C8E1-92CC-49C9-B266-8506E3678657}.Ad-Hoc|x86.ActiveCfg = Debug|Any CPU
		{D4E9C8E1-92CC-49C9-B266-8506E3678657}.Ad-Hoc|x86.Build.0 = Debug|Any CPU
		{D4E9C8E1-92CC-49C9-B266-8506E3678657}.Ad-Hoc|x86.Deploy.0 = Debug|Any CPU
		{D4E9C8E1-92CC-49C9-B266-8506E3678657}.AppStore|Any CPU.ActiveCfg = Debug|Any CPU
		{D4E9C8E1-92CC-49C9-B266-8506E3678657}.AppStore|Any CPU.Build.0 = Debug|Any CPU
		{D4E9C8E1-92CC-49C9-B266-8506E3678657}.AppStore|Any CPU.Deploy.0 = Debug|Any CPU
		{D4E9C8E1-92CC-49C9-B266-8506E3678657}.AppStore|ARM.ActiveCfg = Debug|Any CPU
		{D4E9C8E1-92CC-49C9-B266-8506E3678657}.AppStore|ARM.Build.0 = Debug|Any CPU
		{D4E9C8E1-92CC-49C9-B266-8506E3678657}.AppStore|ARM.Deploy.0 = Debug|Any CPU
		{D4E9C8E1-92CC-49C9-B266-8506E3678657}.AppStore|iPhone.ActiveCfg = Debug|Any CPU
		{D4E9C8E1-92CC-49C9-B266-8506E3678657}.AppStore|iPhone.Build.0 = Debug|Any CPU
		{D4E9C8E1-92CC-49C9-B266-8506E3678657}.AppStore|iPhone.Deploy.0 = Debug|Any CPU
		{D4E9C8E1-92CC-49C9-B266-8506E3678657}.AppStore|iPhoneSimulator.ActiveCfg = Debug|Any CPU
		{D4E9C8E1-92CC-49C9-B266-8506E3678657}.AppStore|iPhoneSimulator.Build.0 = Debug|Any CPU
		{D4E9C8E1-92CC-49C9-B266-8506E3678657}.AppStore|iPhoneSimulator.Deploy.0 = Debug|Any CPU
		{D4E9C8E1-92CC-49C9-B266-8506E3678657}.AppStore|x64.ActiveCfg = Debug|Any CPU
		{D4E9C8E1-92CC-49C9-B266-8506E3678657}.AppStore|x64.Build.0 = Debug|Any CPU
		{D4E9C8E1-92CC-49C9-B266-8506E3678657}.AppStore|x64.Deploy.0 = Debug|Any CPU
		{D4E9C8E1-92CC-49C9-B266-8506E3678657}.AppStore|x86.ActiveCfg = Debug|Any CPU
		{D4E9C8E1-92CC-49C9-B266-8506E3678657}.AppStore|x86.Build.0 = Debug|Any CPU
		{D4E9C8E1-92CC-49C9-B266-8506E3678657}.AppStore|x86.Deploy.0 = Debug|Any CPU
		{D4E9C8E1-92CC-49C9-B266-8506E3678657}.Debug|Any CPU.ActiveCfg = Debug|Any CPU
		{D4E9C8E1-92CC-49C9-B266-8506E3678657}.Debug|Any CPU.Build.0 = Debug|Any CPU
		{D4E9C8E1-92CC-49C9-B266-8506E3678657}.Debug|Any CPU.Deploy.0 = Debug|Any CPU
		{D4E9C8E1-92CC-49C9-B266-8506E3678657}.Debug|ARM.ActiveCfg = Debug|Any CPU
		{D4E9C8E1-92CC-49C9-B266-8506E3678657}.Debug|ARM.Build.0 = Debug|Any CPU
		{D4E9C8E1-92CC-49C9-B266-8506E3678657}.Debug|ARM.Deploy.0 = Debug|Any CPU
		{D4E9C8E1-92CC-49C9-B266-8506E3678657}.Debug|iPhone.ActiveCfg = Debug|Any CPU
		{D4E9C8E1-92CC-49C9-B266-8506E3678657}.Debug|iPhone.Build.0 = Debug|Any CPU
		{D4E9C8E1-92CC-49C9-B266-8506E3678657}.Debug|iPhone.Deploy.0 = Debug|Any CPU
		{D4E9C8E1-92CC-49C9-B266-8506E3678657}.Debug|iPhoneSimulator.ActiveCfg = Debug|Any CPU
		{D4E9C8E1-92CC-49C9-B266-8506E3678657}.Debug|iPhoneSimulator.Build.0 = Debug|Any CPU
		{D4E9C8E1-92CC-49C9-B266-8506E3678657}.Debug|iPhoneSimulator.Deploy.0 = Debug|Any CPU
		{D4E9C8E1-92CC-49C9-B266-8506E3678657}.Debug|x64.ActiveCfg = Debug|Any CPU
		{D4E9C8E1-92CC-49C9-B266-8506E3678657}.Debug|x64.Build.0 = Debug|Any CPU
		{D4E9C8E1-92CC-49C9-B266-8506E3678657}.Debug|x64.Deploy.0 = Debug|Any CPU
		{D4E9C8E1-92CC-49C9-B266-8506E3678657}.Debug|x86.ActiveCfg = Debug|Any CPU
		{D4E9C8E1-92CC-49C9-B266-8506E3678657}.Debug|x86.Build.0 = Debug|Any CPU
		{D4E9C8E1-92CC-49C9-B266-8506E3678657}.Debug|x86.Deploy.0 = Debug|Any CPU
		{D4E9C8E1-92CC-49C9-B266-8506E3678657}.Release|Any CPU.ActiveCfg = Release|Any CPU
		{D4E9C8E1-92CC-49C9-B266-8506E3678657}.Release|Any CPU.Build.0 = Release|Any CPU
		{D4E9C8E1-92CC-49C9-B266-8506E3678657}.Release|Any CPU.Deploy.0 = Release|Any CPU
		{D4E9C8E1-92CC-49C9-B266-8506E3678657}.Release|ARM.ActiveCfg = Release|Any CPU
		{D4E9C8E1-92CC-49C9-B266-8506E3678657}.Release|ARM.Build.0 = Release|Any CPU
		{D4E9C8E1-92CC-49C9-B266-8506E3678657}.Release|ARM.Deploy.0 = Release|Any CPU
		{D4E9C8E1-92CC-49C9-B266-8506E3678657}.Release|iPhone.ActiveCfg = Release|Any CPU
		{D4E9C8E1-92CC-49C9-B266-8506E3678657}.Release|iPhone.Build.0 = Release|Any CPU
		{D4E9C8E1-92CC-49C9-B266-8506E3678657}.Release|iPhone.Deploy.0 = Release|Any CPU
		{D4E9C8E1-92CC-49C9-B266-8506E3678657}.Release|iPhoneSimulator.ActiveCfg = Release|Any CPU
		{D4E9C8E1-92CC-49C9-B266-8506E3678657}.Release|iPhoneSimulator.Build.0 = Release|Any CPU
		{D4E9C8E1-92CC-49C9-B266-8506E3678657}.Release|iPhoneSimulator.Deploy.0 = Release|Any CPU
		{D4E9C8E1-92CC-49C9-B266-8506E3678657}.Release|x64.ActiveCfg = Release|Any CPU
		{D4E9C8E1-92CC-49C9-B266-8506E3678657}.Release|x64.Build.0 = Release|Any CPU
		{D4E9C8E1-92CC-49C9-B266-8506E3678657}.Release|x64.Deploy.0 = Release|Any CPU
		{D4E9C8E1-92CC-49C9-B266-8506E3678657}.Release|x86.ActiveCfg = Release|Any CPU
		{D4E9C8E1-92CC-49C9-B266-8506E3678657}.Release|x86.Build.0 = Release|Any CPU
		{D4E9C8E1-92CC-49C9-B266-8506E3678657}.Release|x86.Deploy.0 = Release|Any CPU
	EndGlobalSection
	GlobalSection(SolutionProperties) = preSolution
		HideSolutionNode = FALSE
	EndGlobalSection
	GlobalSection(ExtensibilityGlobals) = postSolution
		SolutionGuid = {82F9BB82-6E1F-403D-9AB7-2F987BE60EDD}
	EndGlobalSection
EndGlobal
